<?xml version="1.0" encoding="utf-8"?>
<Project ToolsVersion="4.0" xmlns="http://schemas.microsoft.com/developer/msbuild/2003">
  <ItemGroup>
    <Filter Include="Source Files">
      <UniqueIdentifier>{4FC737F1-C7A5-4376-A066-2A32D752A2FF}</UniqueIdentifier>
      <Extensions>cpp;c;cc;cxx;c++;cppm;ixx;def;odl;idl;hpj;bat;asm;asmx</Extensions>
    </Filter>
    <Filter Include="Header Files">
      <UniqueIdentifier>{93995380-89BD-4b04-88EB-625FBE52EBFB}</UniqueIdentifier>
      <Extensions>h;hh;hpp;hxx;h++;hm;inl;inc;ipp;xsd</Extensions>
    </Filter>
    <Filter Include="Resource Files">
      <UniqueIdentifier>{67DA6AB6-F800-4c08-8B7A-83BB121AAD01}</UniqueIdentifier>
      <Extensions>rc;ico;cur;bmp;dlg;rc2;rct;bin;rgs;gif;jpg;jpeg;jpe;resx;tiff;tif;png;wav;mfcribbon-ms</Extensions>
    </Filter>
  </ItemGroup>
  <ItemGroup>
    <ClCompile Include="action.cpp">
      <Filter>Source Files</Filter>
    </ClCompile>
    <ClCompile Include="basket.cpp">
      <Filter>Source Files</Filter>
    </ClCompile>
    <ClCompile Include="books.cpp">
      <Filter>Source Files</Filter>
    </ClCompile>
    <ClCompile Include="client.cpp">
      <Filter>Source Files</Filter>
    </ClCompile>
    <ClCompile Include="main.cpp">
      <Filter>Source Files</Filter>
    </ClCompile>
    <ClCompile Include="manager.cpp">
      <Filter>Source Files</Filter>
    </ClCompile>
    <ClCompile Include="Menu.cpp">
      <Filter>Source Files</Filter>
    </ClCompile>
    <ClCompile Include="movies.cpp">
      <Filter>Source Files</Filter>
    </ClCompile>
    <ClCompile Include="musicalbum.cpp">
      <Filter>Source Files</Filter>
    </ClCompile>
    <ClCompile Include="readingbooks.cpp">
      <Filter>Source Files</Filter>
    </ClCompile>
    <ClCompile Include="scifi.cpp">
      <Filter>Source Files</Filter>
    </ClCompile>
    <ClCompile Include="song.cpp">
      <Filter>Source Files</Filter>
    </ClCompile>
    <ClCompile Include="store.cpp">
      <Filter>Source Files</Filter>
    </ClCompile>
    <ClCompile Include="thriller.cpp">
      <Filter>Source Files</Filter>
    </ClCompile>
    <ClCompile Include="kidsbooks.cpp">
      <Filter>Source Files</Filter>
    </ClCompile>
  </ItemGroup>
  <ItemGroup>
    <ClInclude Include="action.h">
      <Filter>Header Files</Filter>
    </ClInclude>
    <ClInclude Include="basket.h">
      <Filter>Header Files</Filter>
    </ClInclude>
    <ClInclude Include="books.h">
      <Filter>Header Files</Filter>
    </ClInclude>
    <ClInclude Include="client.h">
      <Filter>Header Files</Filter>
    </ClInclude>
    <ClInclude Include="kidsbooks.h">
      <Filter>Header Files</Filter>
    </ClInclude>
    <ClInclude Include="manager.h">
      <Filter>Header Files</Filter>
    </ClInclude>
    <ClInclude Include="Menu.h">
      <Filter>Header Files</Filter>
    </ClInclude>
    <ClInclude Include="movies.h">
      <Filter>Header Files</Filter>
    </ClInclude>
    <ClInclude Include="musicalbum.h">
      <Filter>Header Files</Filter>
    </ClInclude>
    <ClInclude Include="readingbooks.h">
      <Filter>Header Files</Filter>
    </ClInclude>
    <ClInclude Include="scifi.h">
      <Filter>Header Files</Filter>
    </ClInclude>
    <ClInclude Include="song.h">
      <Filter>Header Files</Filter>
    </ClInclude>
    <ClInclude Include="store.h">
      <Filter>Header Files</Filter>
    </ClInclude>
    <ClInclude Include="thriller.h">
      <Filter>Header Files</Filter>
    </ClInclude>
  </ItemGroup>
</Project>